
Microsoft Visual Studio Solution File, Format Version 12.00
# Visual Studio Version 17
VisualStudioVersion = 17.8.34511.84
MinimumVisualStudioVersion = 10.0.40219.1
Project("{FAE04EC0-301F-11D3-BF4B-00C04F79EFBC}") = "STX.Serialization.Providers.Abstractions", "STX.Serialization.Providers.Abstractions\STX.Serialization.Providers.Abstractions.csproj", "{38A8052D-3C6E-44DC-ACEB-AA28881C5CD5}"
EndProject
Project("{9A19103F-16F7-4668-BE54-9A1E7A4F7556}") = "STX.Serialization.Providers.Abstractions.Infrastructure.Build", "STX.Serialization.Providers.Abstractions.Infrastructure.Build\STX.Serialization.Providers.Abstractions.Infrastructure.Build.csproj", "{D47D1D45-BD43-4735-BFB5-83296B2941A5}"
EndProject
Project("{9A19103F-16F7-4668-BE54-9A1E7A4F7556}") = "STX.Serialization.Providers.Abstractions.Tests.Acceptance", "STX.Serialization.Providers.Abstractions.Tests.Acceptance\STX.Serialization.Providers.Abstractions.Tests.Acceptance.csproj", "{A3E3CBE6-74E2-4196-94E1-F4238C36639E}"
EndProject
Global
	GlobalSection(SolutionConfigurationPlatforms) = preSolution
		Debug|Any CPU = Debug|Any CPU
		Release|Any CPU = Release|Any CPU
	EndGlobalSection
	GlobalSection(ProjectConfigurationPlatforms) = postSolution
		{38A8052D-3C6E-44DC-ACEB-AA28881C5CD5}.Debug|Any CPU.ActiveCfg = Debug|Any CPU
		{38A8052D-3C6E-44DC-ACEB-AA28881C5CD5}.Debug|Any CPU.Build.0 = Debug|Any CPU
		{38A8052D-3C6E-44DC-ACEB-AA28881C5CD5}.Release|Any CPU.ActiveCfg = Release|Any CPU
		{38A8052D-3C6E-44DC-ACEB-AA28881C5CD5}.Release|Any CPU.Build.0 = Release|Any CPU
		{D47D1D45-BD43-4735-BFB5-83296B2941A5}.Debug|Any CPU.ActiveCfg = Debug|Any CPU
		{D47D1D45-BD43-4735-BFB5-83296B2941A5}.Debug|Any CPU.Build.0 = Debug|Any CPU
		{D47D1D45-BD43-4735-BFB5-83296B2941A5}.Release|Any CPU.ActiveCfg = Release|Any CPU
		{D47D1D45-BD43-4735-BFB5-83296B2941A5}.Release|Any CPU.Build.0 = Release|Any CPU
		{A3E3CBE6-74E2-4196-94E1-F4238C36639E}.Debug|Any CPU.ActiveCfg = Debug|Any CPU
		{A3E3CBE6-74E2-4196-94E1-F4238C36639E}.Debug|Any CPU.Build.0 = Debug|Any CPU
		{A3E3CBE6-74E2-4196-94E1-F4238C36639E}.Release|Any CPU.ActiveCfg = Release|Any CPU
		{A3E3CBE6-74E2-4196-94E1-F4238C36639E}.Release|Any CPU.Build.0 = Release|Any CPU
	EndGlobalSection
	GlobalSection(SolutionProperties) = preSolution
		HideSolutionNode = FALSE
	EndGlobalSection
	GlobalSection(ExtensibilityGlobals) = postSolution
		SolutionGuid = {166720F6-D37C-46CD-8C41-B137710AC307}
	EndGlobalSection
EndGlobal
